
Microsoft Visual Studio Solution File, Format Version 12.00
# Visual Studio Version 16
VisualStudioVersion = 16.0.35325.158
MinimumVisualStudioVersion = 10.0.40219.1
Project("{FAE04EC0-301F-11D3-BF4B-00C04F79EFBC}") = "ConsoleApp7", "ConsoleApp7.csproj", "{F1B36CA9-5CF0-4C38-9418-2B3415251C94}"
EndProject
Global
	GlobalSection(SolutionConfigurationPlatforms) = preSolution
		Debug|Any CPU = Debug|Any CPU
		Release|Any CPU = Release|Any CPU
	EndGlobalSection
	GlobalSection(ProjectConfigurationPlatforms) = postSolution
		{F1B36CA9-5CF0-4C38-9418-2B3415251C94}.Debug|Any CPU.ActiveCfg = Debug|Any CPU
		{F1B36CA9-5CF0-4C38-9418-2B3415251C94}.Debug|Any CPU.Build.0 = Debug|Any CPU
		{F1B36CA9-5CF0-4C38-9418-2B3415251C94}.Release|Any CPU.ActiveCfg = Release|Any CPU
		{F1B36CA9-5CF0-4C38-9418-2B3415251C94}.Release|Any CPU.Build.0 = Release|Any CPU
	EndGlobalSection
	GlobalSection(SolutionProperties) = preSolution
		HideSolutionNode = FALSE
	EndGlobalSection
	GlobalSection(ExtensibilityGlobals) = postSolution
		SolutionGuid = {27B47179-BBEB-42C9-96D8-FADA81668E72}
	EndGlobalSection
EndGlobal
